{
  "name": "com.steve-luo.htmlcrushcli",
  "version": "0.0.1",
  "lockfileVersion": 1,
  "requires": true,
  "dependencies": {
    "arrayiffy-if-string": {
      "version": "3.11.32",
      "resolved": "https://registry.npmjs.org/arrayiffy-if-string/-/arrayiffy-if-string-3.11.32.tgz",
      "integrity": "sha512-4aJwdkDr35hvwqAfM2M1iO0UCYh+jbjzN9LBGjwVxtwBU0cw2IG8OaiQ2tHwiuspUsLRUFlMqB4DRjh8lD/r4w=="
    },
    "html-crush": {
      "version": "2.0.0",
      "resolved": "https://registry.npmjs.org/html-crush/-/html-crush-2.0.0.tgz",
      "integrity": "sha512-yVI+iOPDkGFCo7+gs1Q5/0iuRUFhpcgbQ2OM+rpZiD20TdLsSquYNio7swUaW0g5mnLIe6BxbYLOOHsBQAA0vg==",
      "requires": {
        "lodash.isplainobject": "^4.0.6",
        "ranges-apply": "^3.1.9",
        "ranges-push": "^3.7.14",
        "string-left-right": "^2.3.24",
        "string-match-left-right": "^4.0.8",
        "string-range-expander": "^1.11.5"
      }
    },
    "lodash.clonedeep": {
      "version": "4.5.0",
      "resolved": "https://registry.npmjs.org/lodash.clonedeep/-/lodash.clonedeep-4.5.0.tgz",
      "integrity": "sha1-4j8/nE+Pvd6HJSnBBxhXoIblzO8="
    },
    "lodash.isplainobject": {
      "version": "4.0.6",
      "resolved": "https://registry.npmjs.org/lodash.isplainobject/-/lodash.isplainobject-4.0.6.tgz",
      "integrity": "sha1-fFJqUtibRcRcxpC4gWO+BJf1UMs="
    },
    "ranges-apply": {
      "version": "3.1.10",
      "resolved": "https://registry.npmjs.org/ranges-apply/-/ranges-apply-3.1.10.tgz",
      "integrity": "sha512-NghBn6pIJG9hUXSmuTrRA8De4A1f1w5xhUznUOkvXNWibM94H3iZt8/C0TUTwjfGKfGpccrPE6pHgUBRArm9bQ==",
      "requires": {
        "ranges-merge": "^4.3.8"
      }
    },
    "ranges-merge": {
      "version": "4.3.8",
      "resolved": "https://registry.npmjs.org/ranges-merge/-/ranges-merge-4.3.8.tgz",
      "integrity": "sha512-6YjdL2lvv6mO2tjDTCoDbCowHawzGLEYXaMwDrs3bV2CWtXcTIVuDTtcYZO3EHR4AmUgN6wXuQsjOtV+PsOWQQ==",
      "requires": {
        "ranges-sort": "^3.12.0"
      }
    },
    "ranges-push": {
      "version": "3.7.14",
      "resolved": "https://registry.npmjs.org/ranges-push/-/ranges-push-3.7.14.tgz",
      "integrity": "sha512-vkzQVK/R3NFTJjzwz8yY0yvUcMgPu+NQyFOsCs7zkxxnvRLuumGugjWMmj+6i9BUkMPNHnw2UAFjOebjNfO7Rw==",
      "requires": {
        "ranges-merge": "^4.3.8",
        "string-collapse-leading-whitespace": "^2.0.20",
        "string-trim-spaces-only": "^2.8.17"
      }
    },
    "ranges-sort": {
      "version": "3.12.0",
      "resolved": "https://registry.npmjs.org/ranges-sort/-/ranges-sort-3.12.0.tgz",
      "integrity": "sha512-YCFqRd1Bxh5vKyItPtQDXMsbPSsDD33/pI9O7z2Dy2nyOyfGxT969KxMuVvr6/iDWB3hPOd8fhUE85Aw6dX7Cg=="
    },
    "string-character-is-astral-surrogate": {
      "version": "1.10.58",
      "resolved": "https://registry.npmjs.org/string-character-is-astral-surrogate/-/string-character-is-astral-surrogate-1.10.58.tgz",
      "integrity": "sha512-HKgTbQhd2QxZWmopSKSmNp2+mhkASBDxQGlQJlQ4xkA60fXIekQl8EU4giTWADZcNRtVDe/8OLMROEqa3i3Stw=="
    },
    "string-collapse-leading-whitespace": {
      "version": "2.0.20",
      "resolved": "https://registry.npmjs.org/string-collapse-leading-whitespace/-/string-collapse-leading-whitespace-2.0.20.tgz",
      "integrity": "sha512-NsDj7efJ4QC0l9SjZYzC1HdS9UEyaMdM5NUjNlFwxxoi3T6Ns05RqZRUlFQ5bKDRQW6F8Ws9ZkuWLL03q5OLgg=="
    },
    "string-left-right": {
      "version": "2.3.24",
      "resolved": "https://registry.npmjs.org/string-left-right/-/string-left-right-2.3.24.tgz",
      "integrity": "sha512-aJLgeCb5ourwPp5q7N40C8C+WqOHpGY/1iiAYRKJRUylHu95aWRBM0aZZackaLqJhvj1hhHXk16If4WxE+zveA==",
      "requires": {
        "lodash.clonedeep": "^4.5.0",
        "lodash.isplainobject": "^4.0.6"
      }
    },
    "string-match-left-right": {
      "version": "4.0.8",
      "resolved": "https://registry.npmjs.org/string-match-left-right/-/string-match-left-right-4.0.8.tgz",
      "integrity": "sha512-Bog/eO/iHUNkrVTKPWLEcdqRmUyi4aVSZuHKAPfb321kLnHJhpRc9QNzKHePO6TojtNSUPGUKqxpUsu6x1m72A==",
      "requires": {
        "arrayiffy-if-string": "^3.11.32",
        "lodash.isplainobject": "^4.0.6",
        "string-character-is-astral-surrogate": "^1.10.58"
      }
    },
    "string-range-expander": {
      "version": "1.11.5",
      "resolved": "https://registry.npmjs.org/string-range-expander/-/string-range-expander-1.11.5.tgz",
      "integrity": "sha512-pnt9jb91hx6BIBz+m/bFtvtUL/fBoJW4sZcKMqRi1QZeNkA8uVDojeg7aRlQnKiKSmfc6KFycHkIkmygQFWCkQ=="
    },
    "string-trim-spaces-only": {
      "version": "2.8.17",
      "resolved": "https://registry.npmjs.org/string-trim-spaces-only/-/string-trim-spaces-only-2.8.17.tgz",
      "integrity": "sha512-IAjwhcVS2AMD93GPGl8ONQmtDqcdmsvgHekVafQ/p389CGlp8VkCpOdUGsRW1OunzaVyzZzFesoKCju8fbA8Lw=="
    }
  }
}
